
Microsoft Visual Studio Solution File, Format Version 12.00
# Visual Studio Version 17
VisualStudioVersion = 17.7.34221.43
MinimumVisualStudioVersion = 10.0.40219.1
Project("{FAE04EC0-301F-11D3-BF4B-00C04F79EFBC}") = "GALinkedListDoubly_prince", "GALinkedListDoubly_prince\GALinkedListDoubly_prince.csproj", "{C341DEE2-919E-4EE1-8D4F-BA0692AF5B91}"
EndProject
Global
	GlobalSection(SolutionConfigurationPlatforms) = preSolution
		Debug|Any CPU = Debug|Any CPU
		Release|Any CPU = Release|Any CPU
	EndGlobalSection
	GlobalSection(ProjectConfigurationPlatforms) = postSolution
		{C341DEE2-919E-4EE1-8D4F-BA0692AF5B91}.Debug|Any CPU.ActiveCfg = Debug|Any CPU
		{C341DEE2-919E-4EE1-8D4F-BA0692AF5B91}.Debug|Any CPU.Build.0 = Debug|Any CPU
		{C341DEE2-919E-4EE1-8D4F-BA0692AF5B91}.Release|Any CPU.ActiveCfg = Release|Any CPU
		{C341DEE2-919E-4EE1-8D4F-BA0692AF5B91}.Release|Any CPU.Build.0 = Release|Any CPU
	EndGlobalSection
	GlobalSection(SolutionProperties) = preSolution
		HideSolutionNode = FALSE
	EndGlobalSection
	GlobalSection(ExtensibilityGlobals) = postSolution
		SolutionGuid = {4C727E2E-8020-44A9-86CC-C45E57B8EB86}
	EndGlobalSection
EndGlobal
